
Microsoft Visual Studio Solution File, Format Version 11.00
# Visual C++ Express 2010
Project("{8BC9CEB8-8B4A-11D0-8D11-00A0C91BC942}") = "UAP-LATIHAN-OOP-S2", "UAP-LATIHAN-OOP-S2\UAP-LATIHAN-OOP-S2.vcxproj", "{D53FDE6A-EABC-4480-B08C-075F6BA61269}"
EndProject
Global
	GlobalSection(SolutionConfigurationPlatforms) = preSolution
		Debug|Win32 = Debug|Win32
		Release|Win32 = Release|Win32
	EndGlobalSection
	GlobalSection(ProjectConfigurationPlatforms) = postSolution
		{D53FDE6A-EABC-4480-B08C-075F6BA61269}.Debug|Win32.ActiveCfg = Debug|Win32
		{D53FDE6A-EABC-4480-B08C-075F6BA61269}.Debug|Win32.Build.0 = Debug|Win32
		{D53FDE6A-EABC-4480-B08C-075F6BA61269}.Release|Win32.ActiveCfg = Release|Win32
		{D53FDE6A-EABC-4480-B08C-075F6BA61269}.Release|Win32.Build.0 = Release|Win32
	EndGlobalSection
	GlobalSection(SolutionProperties) = preSolution
		HideSolutionNode = FALSE
	EndGlobalSection
EndGlobal
